lockfileVersion: '9.0'

settings:
  autoInstallPeers: true
  excludeLinksFromLockfile: false

importers:

  .:
    dependencies:
      '@hono/node-server':
        specifier: ^1.15.0
        version: 1.15.0(hono@4.8.4)
      '@types/uuid':
        specifier: ^10.0.0
        version: 10.0.0
      '@types/ws':
        specifier: ^8.5.14
        version: 8.18.1
      ajv:
        specifier: ^8.17.1
        version: 8.17.1
      ajv-formats:
        specifier: ^3.0.1
        version: 3.0.1(ajv@8.17.1)
      hono:
        specifier: ^4.8.4
        version: 4.8.4
      ocpp-ts:
        specifier: ^0.3.0
        version: 0.3.0
      redis:
        specifier: ^4.7.0
        version: 4.7.1
      typescript-retry-decorator:
        specifier: ^2.4.2
        version: 2.4.2
      uuid:
        specifier: ^11.1.0
        version: 11.1.0
      ws:
        specifier: ^8.18.1
        version: 8.18.3
    devDependencies:
      '@types/node':
        specifier: ^22.13.9
        version: 22.16.3
      ts-node:
        specifier: ^10.9.2
        version: 10.9.2(@types/node@22.16.3)(typescript@5.8.3)
      typescript:
        specifier: ^5.8.2
        version: 5.8.3

packages:

  '@cspotcode/source-map-support@0.8.1':
    resolution: {integrity: sha512-IchNf6dN4tHoMFIn/7OE8LWZ19Y6q/67Bmf6vnGREv8RSbBVb9LPJxEcnwrcwX6ixSvaiGoomAUvu4YSxXrVgw==}
    engines: {node: '>=12'}

  '@hono/node-server@1.15.0':
    resolution: {integrity: sha512-MjmK4l5N4dQpZ9OSWN0tCj7ejuc7WvuWMzSKtc89bnknJykAeHxzRigXBTYZk85H6Awrii6RM59iUiUluApu2A==}
    engines: {node: '>=18.14.1'}
    peerDependencies:
      hono: ^4

  '@jridgewell/resolve-uri@3.1.2':
    resolution: {integrity: sha512-bRISgCIjP20/tbWSPWMEi54QVPRZExkuD9lJL+UIxUKtwVJA8wW1Trb1jMs1RFXo1CBTNZ/5hpC9QvmKWdopKw==}
    engines: {node: '>=6.0.0'}

  '@jridgewell/sourcemap-codec@1.5.4':
    resolution: {integrity: sha512-VT2+G1VQs/9oz078bLrYbecdZKs912zQlkelYpuf+SXF+QvZDYJlbx/LSx+meSAwdDFnF8FVXW92AVjjkVmgFw==}

  '@jridgewell/trace-mapping@0.3.9':
    resolution: {integrity: sha512-3Belt6tdc8bPgAtbcmdtNJlirVoTmEb5e2gC94PnkwEW9jI6CAHUeoG85tjWP5WquqfavoMtMwiG4P926ZKKuQ==}

  '@redis/bloom@1.2.0':
    resolution: {integrity: sha512-HG2DFjYKbpNmVXsa0keLHp/3leGJz1mjh09f2RLGGLQZzSHpkmZWuwJbAvo3QcRY8p80m5+ZdXZdYOSBLlp7Cg==}
    peerDependencies:
      '@redis/client': ^1.0.0

  '@redis/client@1.6.1':
    resolution: {integrity: sha512-/KCsg3xSlR+nCK8/8ZYSknYxvXHwubJrU82F3Lm1Fp6789VQ0/3RJKfsmRXjqfaTA++23CvC3hqmqe/2GEt6Kw==}
    engines: {node: '>=14'}

  '@redis/graph@1.1.1':
    resolution: {integrity: sha512-FEMTcTHZozZciLRl6GiiIB4zGm5z5F3F6a6FZCyrfxdKOhFlGkiAqlexWMBzCi4DcRoyiOsuLfW+cjlGWyExOw==}
    peerDependencies:
      '@redis/client': ^1.0.0

  '@redis/json@1.0.7':
    resolution: {integrity: sha512-6UyXfjVaTBTJtKNG4/9Z8PSpKE6XgSyEb8iwaqDcy+uKrd/DGYHTWkUdnQDyzm727V7p21WUMhsqz5oy65kPcQ==}
    peerDependencies:
      '@redis/client': ^1.0.0

  '@redis/search@1.2.0':
    resolution: {integrity: sha512-tYoDBbtqOVigEDMAcTGsRlMycIIjwMCgD8eR2t0NANeQmgK/lvxNAvYyb6bZDD4frHRhIHkJu2TBRvB0ERkOmw==}
    peerDependencies:
      '@redis/client': ^1.0.0

  '@redis/time-series@1.1.0':
    resolution: {integrity: sha512-c1Q99M5ljsIuc4YdaCwfUEXsofakb9c8+Zse2qxTadu8TalLXuAESzLvFAvNVbkmSlvlzIQOLpBCmWI9wTOt+g==}
    peerDependencies:
      '@redis/client': ^1.0.0

  '@tsconfig/node10@1.0.11':
    resolution: {integrity: sha512-DcRjDCujK/kCk/cUe8Xz8ZSpm8mS3mNNpta+jGCA6USEDfktlNvm1+IuZ9eTcDbNk41BHwpHHeW+N1lKCz4zOw==}

  '@tsconfig/node12@1.0.11':
    resolution: {integrity: sha512-cqefuRsh12pWyGsIoBKJA9luFu3mRxCA+ORZvA4ktLSzIuCUtWVxGIuXigEwO5/ywWFMZ2QEGKWvkZG1zDMTag==}

  '@tsconfig/node14@1.0.3':
    resolution: {integrity: sha512-ysT8mhdixWK6Hw3i1V2AeRqZ5WfXg1G43mqoYlM2nc6388Fq5jcXyr5mRsqViLx/GJYdoL0bfXD8nmF+Zn/Iow==}

  '@tsconfig/node16@1.0.4':
    resolution: {integrity: sha512-vxhUy4J8lyeyinH7Azl1pdd43GJhZH/tP2weN8TntQblOY+A0XbT8DJk1/oCPuOOyg/Ja757rG0CgHcWC8OfMA==}

  '@types/node@22.16.3':
    resolution: {integrity: sha512-sr4Xz74KOUeYadexo1r8imhRtlVXcs+j3XK3TcoiYk7B1t3YRVJgtaD3cwX73NYb71pmVuMLNRhJ9XKdoDB74g==}

  '@types/uuid@10.0.0':
    resolution: {integrity: sha512-7gqG38EyHgyP1S+7+xomFtL+ZNHcKv6DwNaCZmJmo1vgMugyF3TCnXVg4t1uk89mLNwnLtnY3TpOpCOyp1/xHQ==}

  '@types/ws@8.18.1':
    resolution: {integrity: sha512-ThVF6DCVhA8kUGy+aazFQ4kXQ7E1Ty7A3ypFOe0IcJV8O/M511G99AW24irKrW56Wt44yG9+ij8FaqoBGkuBXg==}

  acorn-walk@8.3.4:
    resolution: {integrity: sha512-ueEepnujpqee2o5aIYnvHU6C0A42MNdsIDeqy5BydrkuC5R1ZuUFnm27EeFJGoEHJQgn3uleRvmTXaJgfXbt4g==}
    engines: {node: '>=0.4.0'}

  acorn@8.15.0:
    resolution: {integrity: sha512-NZyJarBfL7nWwIq+FDL6Zp/yHEhePMNnnJ0y3qfieCrmNvYct8uvtiV41UvlSe6apAfk0fY1FbWx+NwfmpvtTg==}
    engines: {node: '>=0.4.0'}
    hasBin: true

  ajv-formats@3.0.1:
    resolution: {integrity: sha512-8iUql50EUR+uUcdRQ3HDqa6EVyo3docL8g5WJ3FNcWmu62IbkGUue/pEyLBW8VGKKucTPgqeks4fIU1DA4yowQ==}
    peerDependencies:
      ajv: ^8.0.0
    peerDependenciesMeta:
      ajv:
        optional: true

  ajv@6.12.6:
    resolution: {integrity: sha512-j3fVLgvTo527anyYyJOGTYJbG+vnnQYvE0m5mmkc1TK+nxAppkCLMIL0aZ4dblVCNoGShhm+kzE4ZUykBoMg4g==}

  ajv@8.17.1:
    resolution: {integrity: sha512-B/gBuNg5SiMTrPkC+A2+cW0RszwxYmn6VYxB/inlBStS5nx6xHIt/ehKRhIMhqusl7a8LjQoZnjCs5vhwxOQ1g==}

  arg@4.1.3:
    resolution: {integrity: sha512-58S9QDqG0Xx27YwPSt9fJxivjYl432YCwfDMfZ+71RAqUrZef7LrKQZ3LHLOwCS4FLNBplP533Zx895SeOCHvA==}

  cluster-key-slot@1.1.2:
    resolution: {integrity: sha512-RMr0FhtfXemyinomL4hrWcYJxmX6deFdCxpJzhDttxgO1+bcCnkk+9drydLVDmAMG7NE6aN/fl4F7ucU/90gAA==}
    engines: {node: '>=0.10.0'}

  create-require@1.1.1:
    resolution: {integrity: sha512-dcKFX3jn0MpIaXjisoRvexIJVEKzaq7z2rZKxf+MSr9TkdmHmsU4m2lcLojrj/FHl8mk5VxMmYA+ftRkP/3oKQ==}

  diff@4.0.2:
    resolution: {integrity: sha512-58lmxKSA4BNyLz+HHMUzlOEpg09FV+ev6ZMe3vJihgdxzgcwZ8VoEEPmALCZG9LmqfVoNMMKpttIYTVG6uDY7A==}
    engines: {node: '>=0.3.1'}

  fast-deep-equal@3.1.3:
    resolution: {integrity: sha512-f3qQ9oQy9j2AhBe/H9VC91wLmKBCCU/gDOnKNAYG5hswO7BLKj09Hc5HYNz9cGI++xlpDCIgDaitVs03ATR84Q==}

  fast-json-stable-stringify@2.1.0:
    resolution: {integrity: sha512-lhd/wF+Lk98HZoTCtlVraHtfh5XYijIjalXck7saUtuanSDyLMxnHhSXEDJqHxD7msR8D0uCmqlkwjCV8xvwHw==}

  fast-uri@3.0.6:
    resolution: {integrity: sha512-Atfo14OibSv5wAp4VWNsFYE1AchQRTv9cBGWET4pZWHzYshFSS9NQI6I57rdKn9croWVMbYFbLhJ+yJvmZIIHw==}

  generic-pool@3.9.0:
    resolution: {integrity: sha512-hymDOu5B53XvN4QT9dBmZxPX4CWhBPPLguTZ9MMFeFa/Kg0xWVfylOVNlJji/E7yTZWFd/q9GO5TxDLq156D7g==}
    engines: {node: '>= 4'}

  hono@4.8.4:
    resolution: {integrity: sha512-KOIBp1+iUs0HrKztM4EHiB2UtzZDTBihDtOF5K6+WaJjCPeaW4Q92R8j63jOhvJI5+tZSMuKD9REVEXXY9illg==}
    engines: {node: '>=16.9.0'}

  json-schema-traverse@0.4.1:
    resolution: {integrity: sha512-xbbCH5dCYU5T8LcEhhuh7HJ88HXuW3qsI3Y0zOZFKfZEHcpWiHU/Jxzk629Brsab/mMiHQti9wMP+845RPe3Vg==}

  json-schema-traverse@1.0.0:
    resolution: {integrity: sha512-NM8/P9n3XjXhIZn1lLhkFaACTOURQXjWhV4BA/RnOv8xvgqtqpAX9IO4mRQxSx1Rlo4tqzeqb0sOlruaOy3dug==}

  make-error@1.3.6:
    resolution: {integrity: sha512-s8UhlNe7vPKomQhC1qFelMokr/Sc3AgNbso3n74mVPA5LTZwkB9NlXf4XPamLxJE8h0gh73rM94xvwRT2CVInw==}

  ocpp-ts@0.3.0:
    resolution: {integrity: sha512-U+l7CjH1tU1n965bLg177k5dvJ/xuGwqj+08zRLx5mZxq4pBRsEDEM82BgvuVAUt3bAaeCl1jt6N2fsgQarypw==}

  punycode@2.3.1:
    resolution: {integrity: sha512-vYt7UD1U9Wg6138shLtLOvdAu+8DsC/ilFtEVHcH+wydcSpNE20AfSOduf6MkRFahL5FY7X1oU7nKVZFtfq8Fg==}
    engines: {node: '>=6'}

  redis@4.7.1:
    resolution: {integrity: sha512-S1bJDnqLftzHXHP8JsT5II/CtHWQrASX5K96REjWjlmWKrviSOLWmM7QnRLstAWsu1VBBV1ffV6DzCvxNP0UJQ==}

  require-from-string@2.0.2:
    resolution: {integrity: sha512-Xf0nWe6RseziFMu+Ap9biiUbmplq6S9/p+7w7YXP/JBHhrUDDUhwa+vANyubuqfZWTveU//DYVGsDG7RKL/vEw==}
    engines: {node: '>=0.10.0'}

  ts-node@10.9.2:
    resolution: {integrity: sha512-f0FFpIdcHgn8zcPSbf1dRevwt047YMnaiJM3u2w2RewrB+fob/zePZcrOyQoLMMO7aBIddLcQIEK5dYjkLnGrQ==}
    hasBin: true
    peerDependencies:
      '@swc/core': '>=1.2.50'
      '@swc/wasm': '>=1.2.50'
      '@types/node': '*'
      typescript: '>=2.7'
    peerDependenciesMeta:
      '@swc/core':
        optional: true
      '@swc/wasm':
        optional: true

  typescript-retry-decorator@2.4.2:
    resolution: {integrity: sha512-zboYVNuyam5XnF3x/QRT69yOLIjpLT1XecF+TbF1gEM6uPYmr2uZwJ06f8TrZ3Sffo6U3v/Kzsd9HloH0JOGvA==}

  typescript@5.8.3:
    resolution: {integrity: sha512-p1diW6TqL9L07nNxvRMM7hMMw4c5XOo/1ibL4aAIGmSAt9slTE1Xgw5KWuof2uTOvCg9BY7ZRi+GaF+7sfgPeQ==}
    engines: {node: '>=14.17'}
    hasBin: true

  undici-types@6.21.0:
    resolution: {integrity: sha512-iwDZqg0QAGrg9Rav5H4n0M64c3mkR59cJ6wQp+7C4nI0gsmExaedaYLNO44eT4AtBBwjbTiGPMlt2Md0T9H9JQ==}

  uri-js@4.4.1:
    resolution: {integrity: sha512-7rKUyy33Q1yc98pQ1DAmLtwX109F7TIfWlW1Ydo8Wl1ii1SeHieeh0HHfPeL2fMXK6z0s8ecKs9frCuLJvndBg==}

  uuid@11.1.0:
    resolution: {integrity: sha512-0/A9rDy9P7cJ+8w1c9WD9V//9Wj15Ce2MPz8Ri6032usz+NfePxx5AcN3bN+r6ZL6jEo066/yNYB3tn4pQEx+A==}
    hasBin: true

  uuid@8.3.2:
    resolution: {integrity: sha512-+NYs2QeMWy+GWFOEm9xnn6HCDp0l7QBD7ml8zLUmJ+93Q5NF0NocErnwkTkXVFNiX3/fpC6afS8Dhb/gz7R7eg==}
    hasBin: true

  v8-compile-cache-lib@3.0.1:
    resolution: {integrity: sha512-wa7YjyUGfNZngI/vtK0UHAN+lgDCxBPCylVXGp0zu59Fz5aiGtNXaq3DhIov063MorB+VfufLh3JlF2KdTK3xg==}

  ws@8.18.3:
    resolution: {integrity: sha512-PEIGCY5tSlUt50cqyMXfCzX+oOPqN0vuGqWzbcJ2xvnkzkq46oOpz7dQaTDBdfICb4N14+GARUDw2XV2N4tvzg==}
    engines: {node: '>=10.0.0'}
    peerDependencies:
      bufferutil: ^4.0.1
      utf-8-validate: '>=5.0.2'
    peerDependenciesMeta:
      bufferutil:
        optional: true
      utf-8-validate:
        optional: true

  yallist@4.0.0:
    resolution: {integrity: sha512-3wdGidZyq5PB084XLES5TpOSRA3wjXAlIWMhum2kRcv/41Sn2emQ0dycQW4uZXLejwKvg6EsvbdlVL+FYEct7A==}

  yn@3.1.1:
    resolution: {integrity: sha512-Ux4ygGWsu2c7isFWe8Yu1YluJmqVhxqK2cLXNQA5AcC3QfbGNpM7fu0Y8b/z16pXLnFxZYvWhd3fhBY9DLmC6Q==}
    engines: {node: '>=6'}

snapshots:

  '@cspotcode/source-map-support@0.8.1':
    dependencies:
      '@jridgewell/trace-mapping': 0.3.9

  '@hono/node-server@1.15.0(hono@4.8.4)':
    dependencies:
      hono: 4.8.4

  '@jridgewell/resolve-uri@3.1.2': {}

  '@jridgewell/sourcemap-codec@1.5.4': {}

  '@jridgewell/trace-mapping@0.3.9':
    dependencies:
      '@jridgewell/resolve-uri': 3.1.2
      '@jridgewell/sourcemap-codec': 1.5.4

  '@redis/bloom@1.2.0(@redis/client@1.6.1)':
    dependencies:
      '@redis/client': 1.6.1

  '@redis/client@1.6.1':
    dependencies:
      cluster-key-slot: 1.1.2
      generic-pool: 3.9.0
      yallist: 4.0.0

  '@redis/graph@1.1.1(@redis/client@1.6.1)':
    dependencies:
      '@redis/client': 1.6.1

  '@redis/json@1.0.7(@redis/client@1.6.1)':
    dependencies:
      '@redis/client': 1.6.1

  '@redis/search@1.2.0(@redis/client@1.6.1)':
    dependencies:
      '@redis/client': 1.6.1

  '@redis/time-series@1.1.0(@redis/client@1.6.1)':
    dependencies:
      '@redis/client': 1.6.1

  '@tsconfig/node10@1.0.11': {}

  '@tsconfig/node12@1.0.11': {}

  '@tsconfig/node14@1.0.3': {}

  '@tsconfig/node16@1.0.4': {}

  '@types/node@22.16.3':
    dependencies:
      undici-types: 6.21.0

  '@types/uuid@10.0.0': {}

  '@types/ws@8.18.1':
    dependencies:
      '@types/node': 22.16.3

  acorn-walk@8.3.4:
    dependencies:
      acorn: 8.15.0

  acorn@8.15.0: {}

  ajv-formats@3.0.1(ajv@8.17.1):
    optionalDependencies:
      ajv: 8.17.1

  ajv@6.12.6:
    dependencies:
      fast-deep-equal: 3.1.3
      fast-json-stable-stringify: 2.1.0
      json-schema-traverse: 0.4.1
      uri-js: 4.4.1

  ajv@8.17.1:
    dependencies:
      fast-deep-equal: 3.1.3
      fast-uri: 3.0.6
      json-schema-traverse: 1.0.0
      require-from-string: 2.0.2

  arg@4.1.3: {}

  cluster-key-slot@1.1.2: {}

  create-require@1.1.1: {}

  diff@4.0.2: {}

  fast-deep-equal@3.1.3: {}

  fast-json-stable-stringify@2.1.0: {}

  fast-uri@3.0.6: {}

  generic-pool@3.9.0: {}

  hono@4.8.4: {}

  json-schema-traverse@0.4.1: {}

  json-schema-traverse@1.0.0: {}

  make-error@1.3.6: {}

  ocpp-ts@0.3.0:
    dependencies:
      ajv: 6.12.6
      uuid: 8.3.2
      ws: 8.18.3
    transitivePeerDependencies:
      - bufferutil
      - utf-8-validate

  punycode@2.3.1: {}

  redis@4.7.1:
    dependencies:
      '@redis/bloom': 1.2.0(@redis/client@1.6.1)
      '@redis/client': 1.6.1
      '@redis/graph': 1.1.1(@redis/client@1.6.1)
      '@redis/json': 1.0.7(@redis/client@1.6.1)
      '@redis/search': 1.2.0(@redis/client@1.6.1)
      '@redis/time-series': 1.1.0(@redis/client@1.6.1)

  require-from-string@2.0.2: {}

  ts-node@10.9.2(@types/node@22.16.3)(typescript@5.8.3):
    dependencies:
      '@cspotcode/source-map-support': 0.8.1
      '@tsconfig/node10': 1.0.11
      '@tsconfig/node12': 1.0.11
      '@tsconfig/node14': 1.0.3
      '@tsconfig/node16': 1.0.4
      '@types/node': 22.16.3
      acorn: 8.15.0
      acorn-walk: 8.3.4
      arg: 4.1.3
      create-require: 1.1.1
      diff: 4.0.2
      make-error: 1.3.6
      typescript: 5.8.3
      v8-compile-cache-lib: 3.0.1
      yn: 3.1.1

  typescript-retry-decorator@2.4.2: {}

  typescript@5.8.3: {}

  undici-types@6.21.0: {}

  uri-js@4.4.1:
    dependencies:
      punycode: 2.3.1

  uuid@11.1.0: {}

  uuid@8.3.2: {}

  v8-compile-cache-lib@3.0.1: {}

  ws@8.18.3: {}

  yallist@4.0.0: {}

  yn@3.1.1: {}
